
Microsoft Visual Studio Solution File, Format Version 12.00
# Visual Studio Version 17
VisualStudioVersion = 17.2.32630.192
MinimumVisualStudioVersion = 10.0.40219.1
Project("{FAE04EC0-301F-11D3-BF4B-00C04F79EFBC}") = "LDJTopDownShooter", "LDJTopDownShooter\LDJTopDownShooter.csproj", "{DED96B55-1289-41A4-8B6E-104B62761B11}"
EndProject
Global
	GlobalSection(SolutionConfigurationPlatforms) = preSolution
		Debug|Any CPU = Debug|Any CPU
		Release|Any CPU = Release|Any CPU
	EndGlobalSection
	GlobalSection(ProjectConfigurationPlatforms) = postSolution
		{DED96B55-1289-41A4-8B6E-104B62761B11}.Debug|Any CPU.ActiveCfg = Debug|Any CPU
		{DED96B55-1289-41A4-8B6E-104B62761B11}.Debug|Any CPU.Build.0 = Debug|Any CPU
		{DED96B55-1289-41A4-8B6E-104B62761B11}.Release|Any CPU.ActiveCfg = Release|Any CPU
		{DED96B55-1289-41A4-8B6E-104B62761B11}.Release|Any CPU.Build.0 = Release|Any CPU
	EndGlobalSection
	GlobalSection(SolutionProperties) = preSolution
		HideSolutionNode = FALSE
	EndGlobalSection
	GlobalSection(ExtensibilityGlobals) = postSolution
		SolutionGuid = {F325E2EF-203B-42AD-B1E1-EF916ACCE28D}
	EndGlobalSection
EndGlobal
